{
  "name": "minecraft-biome-rivals",
  "version": "0.1.0",
  "lockfileVersion": 3,
  "requires": true,
  "packages": {
    "": {
      "name": "minecraft-biome-rivals",
      "version": "0.1.0",
      "workspaces": [
        "server-nakama"
      ],
      "engines": {
        "node": ">=20 <21",
        "npm": ">=10"
      }
    },
    "node_modules/@biome-rivals/server-nakama": {
      "resolved": "server-nakama",
      "link": true
    },
    "node_modules/@heroiclabs/nakama-js": {
      "version": "2.8.0",
      "resolved": "https://registry.npmjs.org/@heroiclabs/nakama-js/-/nakama-js-2.8.0.tgz",
      "integrity": "sha512-E3bH/pqosASGHmVttsa708UjoLYkzZ4Sy3JUZV0TMK3oZK19QVyKrWhqjwyFwvKI2WyVf30xiRD+2ffvmfpw4A==",
      "dev": true,
      "license": "Apache-2.0",
      "dependencies": {
        "@scarf/scarf": "^1.1.1",
        "base64-arraybuffer": "^1.0.2",
        "js-base64": "^3.7.4",
        "whatwg-fetch": "^3.6.2"
      }
    },
    "node_modules/@scarf/scarf": {
      "version": "1.4.0",
      "resolved": "https://registry.npmjs.org/@scarf/scarf/-/scarf-1.4.0.tgz",
      "integrity": "sha512-xxeapPiUXdZAE3che6f3xogoJPeZgig6omHEy1rIY5WVsB3H2BHNnZH+gHG6x91SCWyQCzWGsuL2Hh3ClO5/qQ==",
      "dev": true,
      "hasInstallScript": true,
      "license": "Apache-2.0"
    },
    "node_modules/base64-arraybuffer": {
      "version": "1.0.2",
      "resolved": "https://registry.npmjs.org/base64-arraybuffer/-/base64-arraybuffer-1.0.2.tgz",
      "integrity": "sha512-I3yl4r9QB5ZRY3XuJVEPfc2XhZO6YweFPI+UovAzn+8/hb3oJ6lnysaFcjVpkCPfVWFUDvoZ8kmVDP7WyRtYtQ==",
      "dev": true,
      "license": "MIT",
      "engines": {
        "node": ">= 0.6.0"
      }
    },
    "node_modules/js-base64": {
      "version": "3.9.3",
      "resolved": "https://registry.npmjs.org/js-base64/-/js-base64-3.9.3.tgz",
      "integrity": "sha512-uwYQp+VJ38FVvtim6qNbit6e9uT6dwWQ4Y1+H9TxhW5hcHjpHwoxlR0nMpqUmIFOmu4VqMxwdJA88gIVuZJQ/g==",
      "dev": true,
      "license": "BSD-3-Clause"
    },
    "node_modules/nakama-runtime": {
      "version": "1.47.0",
      "resolved": "git+ssh://git@github.com/heroiclabs/nakama-common.git#5e2f7ec02b19d998d99f19ac34956849ea7321fb",
      "integrity": "sha512-MnvXpCQVOhDsLZ6nwJB09AdTDTtLMg1Tv/AG68lhjk4HgxpMTttQFV+A+4T8AbSqg4afInXooGceMRDKOfSN2A==",
      "dev": true,
      "license": "Apache-2.0"
    },
    "node_modules/typescript": {
      "version": "5.8.3",
      "resolved": "https://registry.npmjs.org/typescript/-/typescript-5.8.3.tgz",
      "integrity": "sha512-p1diW6TqL9L07nNxvRMM7hMMw4c5XOo/1ibL4aAIGmSAt9slTE1Xgw5KWuof2uTOvCg9BY7ZRi+GaF+7sfgPeQ==",
      "dev": true,
      "license": "Apache-2.0",
      "bin": {
        "tsc": "bin/tsc",
        "tsserver": "bin/tsserver"
      },
      "engines": {
        "node": ">=14.17"
      }
    },
    "node_modules/whatwg-fetch": {
      "version": "3.6.20",
      "resolved": "https://registry.npmjs.org/whatwg-fetch/-/whatwg-fetch-3.6.20.tgz",
      "integrity": "sha512-EqhiFU6daOA8kpjOWTL0olhVOF3i7OrFzSYiGsEMB8GcXS+RrzauAERX65xMeNWVqxA6HXH2m69Z9LaKKdisfg==",
      "dev": true,
      "license": "MIT"
    },
    "node_modules/ws": {
      "version": "8.21.0",
      "resolved": "https://registry.npmjs.org/ws/-/ws-8.21.0.tgz",
      "integrity": "sha512-Vsp28b7DRcimFQvrqu2Wek3z1iYxDCWqHYB8Qsnk/S4RfaCQzPGPyBNuVjJV3cd6UiKtUtp6sNM77gWvzcCH+g==",
      "dev": true,
      "license": "MIT",
      "engines": {
        "node": ">=10.0.0"
      },
      "peerDependencies": {
        "bufferutil": "^4.0.1",
        "utf-8-validate": ">=5.0.2"
      },
      "peerDependenciesMeta": {
        "bufferutil": {
          "optional": true
        },
        "utf-8-validate": {
          "optional": true
        }
      }
    },
    "server-nakama": {
      "name": "@biome-rivals/server-nakama",
      "version": "0.1.0",
      "devDependencies": {
        "@heroiclabs/nakama-js": "^2.8.0",
        "nakama-runtime": "github:heroiclabs/nakama-common#5e2f7ec02b19d998d99f19ac34956849ea7321fb",
        "typescript": "5.8.3",
        "ws": "^8.21.0"
      }
    }
  }
}
