{
  "name": "minecraft-biome-rivals",
  "version": "0.1.0",
  "lockfileVersion": 3,
  "requires": true,
  "packages": {
    "": {
      "name": "minecraft-biome-rivals",
      "version": "0.1.0",
      "workspaces": [
        "server-nakama"
      ],
      "engines": {
        "node": ">=20 <21",
        "npm": ">=10"
      }
    },
    "node_modules/@biome-rivals/server-nakama": {
      "resolved": "server-nakama",
      "link": true
    },
    "node_modules/nakama-runtime": {
      "version": "1.47.0",
      "resolved": "git+ssh://git@github.com/heroiclabs/nakama-common.git#5e2f7ec02b19d998d99f19ac34956849ea7321fb",
      "integrity": "sha512-MnvXpCQVOhDsLZ6nwJB09AdTDTtLMg1Tv/AG68lhjk4HgxpMTttQFV+A+4T8AbSqg4afInXooGceMRDKOfSN2A==",
      "dev": true,
      "license": "Apache-2.0"
    },
    "node_modules/typescript": {
      "version": "5.8.3",
      "resolved": "https://registry.npmjs.org/typescript/-/typescript-5.8.3.tgz",
      "integrity": "sha512-p1diW6TqL9L07nNxvRMM7hMMw4c5XOo/1ibL4aAIGmSAt9slTE1Xgw5KWuof2uTOvCg9BY7ZRi+GaF+7sfgPeQ==",
      "dev": true,
      "license": "Apache-2.0",
      "bin": {
        "tsc": "bin/tsc",
        "tsserver": "bin/tsserver"
      },
      "engines": {
        "node": ">=14.17"
      }
    },
    "server-nakama": {
      "name": "@biome-rivals/server-nakama",
      "version": "0.1.0",
      "devDependencies": {
        "nakama-runtime": "github:heroiclabs/nakama-common#5e2f7ec02b19d998d99f19ac34956849ea7321fb",
        "typescript": "5.8.3"
      }
    }
  }
}
